
Microsoft Visual Studio Solution File, Format Version 12.00
# Visual Studio Version 16
VisualStudioVersion = 16.0.31205.134
MinimumVisualStudioVersion = 10.0.40219.1
Project("{9A19103F-16F7-4668-BE54-9A1E7A4F7556}") = "PartyInvites", "PartyInvites\PartyInvites.csproj", "{06E4B10D-48C8-4224-A575-2CAE4D419257}"
EndProject
Global
	GlobalSection(SolutionConfigurationPlatforms) = preSolution
		Debug|Any CPU = Debug|Any CPU
		Release|Any CPU = Release|Any CPU
	EndGlobalSection
	GlobalSection(ProjectConfigurationPlatforms) = postSolution
		{06E4B10D-48C8-4224-A575-2CAE4D419257}.Debug|Any CPU.ActiveCfg = Debug|Any CPU
		{06E4B10D-48C8-4224-A575-2CAE4D419257}.Debug|Any CPU.Build.0 = Debug|Any CPU
		{06E4B10D-48C8-4224-A575-2CAE4D419257}.Release|Any CPU.ActiveCfg = Release|Any CPU
		{06E4B10D-48C8-4224-A575-2CAE4D419257}.Release|Any CPU.Build.0 = Release|Any CPU
	EndGlobalSection
	GlobalSection(SolutionProperties) = preSolution
		HideSolutionNode = FALSE
	EndGlobalSection
	GlobalSection(ExtensibilityGlobals) = postSolution
		SolutionGuid = {2BDD94C8-91A2-4534-BEC5-952C9C5480BE}
	EndGlobalSection
EndGlobal
